// !$*UTF8*$!
{
	archiveVersion = 1;
	classes = {
	};
	objectVersion = 50;
	objects = {

/* Begin PBXBuildFile section */
		8E517928282AA18100A5C0D9 /* AppDelegate.swift in Sources */ = {isa = PBXBuildFile; fileRef = 8E517927282AA18100A5C0D9 /* AppDelegate.swift */; };
		8E51792A282AA18100A5C0D9 /* SceneDelegate.swift in Sources */ = {isa = PBXBuildFile; fileRef = 8E517929282AA18100A5C0D9 /* SceneDelegate.swift */; };
		8E51792C282AA18100A5C0D9 /* ViewController.swift in Sources */ = {isa = PBXBuildFile; fileRef = 8E51792B282AA18100A5C0D9 /* ViewController.swift */; };
		8E51792F282AA18100A5C0D9 /* Main.storyboard in Resources */ = {isa = PBXBuildFile; fileRef = 8E51792D282AA18100A5C0D9 /* Main.storyboard */; };
		8E517931282AA18600A5C0D9 /* Assets.xcassets in Resources */ = {isa = PBXBuildFile; fileRef = 8E517930282AA18600A5C0D9 /* Assets.xcassets */; };
		8E517934282AA18600A5C0D9 /* LaunchScreen.storyboard in Resources */ = {isa = PBXBuildFile; fileRef = 8E517932282AA18600A5C0D9 /* LaunchScreen.storyboard */; };
		8E51793F282AA18700A5C0D9 /* SwiftStudyTests.swift in Sources */ = {isa = PBXBuildFile; fileRef = 8E51793E282AA18700A5C0D9 /* SwiftStudyTests.swift */; };
		8E51794A282AA18700A5C0D9 /* SwiftStudyUITests.swift in Sources */ = {isa = PBXBuildFile; fileRef = 8E517949282AA18700A5C0D9 /* SwiftStudyUITests.swift */; };
/* End PBXBuildFile section */

/* Begin PBXContainerItemProxy section */
		8E51793B282AA18700A5C0D9 /* PBXContainerItemProxy */ = {
			isa = PBXContainerItemProxy;
			containerPortal = 8E51791C282AA18100A5C0D9 /* Project object */;
			proxyType = 1;
			remoteGlobalIDString = 8E517923282AA18100A5C0D9;
			remoteInfo = SwiftStudy;
		};
		8E517946282AA18700A5C0D9 /* PBXContainerItemProxy */ = {
			isa = PBXContainerItemProxy;
			containerPortal = 8E51791C282AA18100A5C0D9 /* Project object */;
			proxyType = 1;
			remoteGlobalIDString = 8E517923282AA18100A5C0D9;
			remoteInfo = SwiftStudy;
		};
/* End PBXContainerItemProxy section */

/* Begin PBXFileReference section */
		8E517924282AA18100A5C0D9 /* SwiftStudy.app */ = {isa = PBXFileReference; explicitFileType = wrapper.application; includeInIndex = 0; path = SwiftStudy.app; sourceTree = BUILT_PRODUCTS_DIR; };
		8E517927282AA18100A5C0D9 /* AppDelegate.swift */ = {isa = PBXFileReference; lastKnownFileType = sourcecode.swift; path = AppDelegate.swift; sourceTree = "<group>"; };
		8E517929282AA18100A5C0D9 /* SceneDelegate.swift */ = {isa = PBXFileReference; lastKnownFileType = sourcecode.swift; path = SceneDelegate.swift; sourceTree = "<group>"; };
		8E51792B282AA18100A5C0D9 /* ViewController.swift */ = {isa = PBXFileReference; lastKnownFileType = sourcecode.swift; path = ViewController.swift; sourceTree = "<group>"; };
		8E51792E282AA18100A5C0D9 /* Base */ = {isa = PBXFileReference; lastKnownFileType = file.storyboard; name = Base; path = Base.lproj/Main.storyboard; sourceTree = "<group>"; };
		8E517930282AA18600A5C0D9 /* Assets.xcassets */ = {isa = PBXFileReference; lastKnownFileType = folder.assetcatalog; path = Assets.xcassets; sourceTree = "<group>"; };
		8E517933282AA18600A5C0D9 /* Base */ = {isa = PBXFileReference; lastKnownFileType = file.storyboard; name = Base; path = Base.lproj/LaunchScreen.storyboard; sourceTree = "<group>"; };
		8E517935282AA18600A5C0D9 /* Info.plist */ = {isa = PBXFileReference; lastKnownFileType = text.plist.xml; path = Info.plist; sourceTree = "<group>"; };
		8E51793A282AA18700A5C0D9 /* SwiftStudyTests.xctest */ = {isa = PBXFileReference; explicitFileType = wrapper.cfbundle; includeInIndex = 0; path = SwiftStudyTests.xctest; sourceTree = BUILT_PRODUCTS_DIR; };
		8E51793E282AA18700A5C0D9 /* SwiftStudyTests.swift */ = {isa = PBXFileReference; lastKnownFileType = sourcecode.swift; path = SwiftStudyTests.swift; sourceTree = "<group>"; };
		8E517940282AA18700A5C0D9 /* Info.plist */ = {isa = PBXFileReference; lastKnownFileType = text.plist.xml; path = Info.plist; sourceTree = "<group>"; };
		8E517945282AA18700A5C0D9 /* SwiftStudyUITests.xctest */ = {isa = PBXFileReference; explicitFileType = wrapper.cfbundle; includeInIndex = 0; path = SwiftStudyUITests.xctest; sourceTree = BUILT_PRODUCTS_DIR; };
		8E517949282AA18700A5C0D9 /* SwiftStudyUITests.swift */ = {isa = PBXFileReference; lastKnownFileType = sourcecode.swift; path = SwiftStudyUITests.swift; sourceTree = "<group>"; };
		8E51794B282AA18700A5C0D9 /* Info.plist */ = {isa = PBXFileReference; lastKnownFileType = text.plist.xml; path = Info.plist; sourceTree = "<group>"; };
/* End PBXFileReference section */

/* Begin PBXFrameworksBuildPhase section */
		8E517921282AA18100A5C0D9 /* Frameworks */ = {
			isa = PBXFrameworksBuildPhase;
			buildActionMask = 2147483647;
			files = (
			);
			runOnlyForDeploymentPostprocessing = 0;
		};
		8E517937282AA18700A5C0D9 /* Frameworks */ = {
			isa = PBXFrameworksBuildPhase;
			buildActionMask = 2147483647;
			files = (
			);
			runOnlyForDeploymentPostprocessing = 0;
		};
		8E517942282AA18700A5C0D9 /* Frameworks */ = {
			isa = PBXFrameworksBuildPhase;
			buildActionMask = 2147483647;
			files = (
			);
			runOnlyForDeploymentPostprocessing = 0;
		};
/* End PBXFrameworksBuildPhase section */

/* Begin PBXGroup section */
		8E51791B282AA18100A5C0D9 = {
			isa = PBXGroup;
			children = (
				8E517926282AA18100A5C0D9 /* SwiftStudy */,
				8E51793D282AA18700A5C0D9 /* SwiftStudyTests */,
				8E517948282AA18700A5C0D9 /* SwiftStudyUITests */,
				8E517925282AA18100A5C0D9 /* Products */,
			);
			sourceTree = "<group>";
		};
		8E517925282AA18100A5C0D9 /* Products */ = {
			isa = PBXGroup;
			children = (
				8E517924282AA18100A5C0D9 /* SwiftStudy.app */,
				8E51793A282AA18700A5C0D9 /* SwiftStudyTests.xctest */,
				8E517945282AA18700A5C0D9 /* SwiftStudyUITests.xctest */,
			);
			name = Products;
			sourceTree = "<group>";
		};
		8E517926282AA18100A5C0D9 /* SwiftStudy */ = {
			isa = PBXGroup;
			children = (
				8E517927282AA18100A5C0D9 /* AppDelegate.swift */,
				8E517929282AA18100A5C0D9 /* SceneDelegate.swift */,
				8E51792B282AA18100A5C0D9 /* ViewController.swift */,
				8E51792D282AA18100A5C0D9 /* Main.storyboard */,
				8E517930282AA18600A5C0D9 /* Assets.xcassets */,
				8E517932282AA18600A5C0D9 /* LaunchScreen.storyboard */,
				8E517935282AA18600A5C0D9 /* Info.plist */,
			);
			path = SwiftStudy;
			sourceTree = "<group>";
		};
		8E51793D282AA18700A5C0D9 /* SwiftStudyTests */ = {
			isa = PBXGroup;
			children = (
				8E51793E282AA18700A5C0D9 /* SwiftStudyTests.swift */,
				8E517940282AA18700A5C0D9 /* Info.plist */,
			);
			path = SwiftStudyTests;
			sourceTree = "<group>";
		};
		8E517948282AA18700A5C0D9 /* SwiftStudyUITests */ = {
			isa = PBXGroup;
			children = (
				8E517949282AA18700A5C0D9 /* SwiftStudyUITests.swift */,
				8E51794B282AA18700A5C0D9 /* Info.plist */,
			);
			path = SwiftStudyUITests;
			sourceTree = "<group>";
		};
/* End PBXGroup section */

/* Begin PBXNativeTarget section */
		8E517923282AA18100A5C0D9 /* SwiftStudy */ = {
			isa = PBXNativeTarget;
			buildConfigurationList = 8E51794E282AA18700A5C0D9 /* Build configuration list for PBXNativeTarget "SwiftStudy" */;
			buildPhases = (
				8E517920282AA18100A5C0D9 /* Sources */,
				8E517921282AA18100A5C0D9 /* Frameworks */,
				8E517922282AA18100A5C0D9 /* Resources */,
			);
			buildRules = (
			);
			dependencies = (
			);
			name = SwiftStudy;
			productName = SwiftStudy;
			productReference = 8E517924282AA18100A5C0D9 /* SwiftStudy.app */;
			productType = "com.apple.product-type.application";
		};
		8E517939282AA18700A5C0D9 /* SwiftStudyTests */ = {
			isa = PBXNativeTarget;
			buildConfigurationList = 8E517951282AA18700A5C0D9 /* Build configuration list for PBXNativeTarget "SwiftStudyTests" */;
			buildPhases = (
				8E517936282AA18700A5C0D9 /* Sources */,
				8E517937282AA18700A5C0D9 /* Frameworks */,
				8E517938282AA18700A5C0D9 /* Resources */,
			);
			buildRules = (
			);
			dependencies = (
				8E51793C282AA18700A5C0D9 /* PBXTargetDependency */,
			);
			name = SwiftStudyTests;
			productName = SwiftStudyTests;
			productReference = 8E51793A282AA18700A5C0D9 /* SwiftStudyTests.xctest */;
			productType = "com.apple.product-type.bundle.unit-test";
		};
		8E517944282AA18700A5C0D9 /* SwiftStudyUITests */ = {
			isa = PBXNativeTarget;
			buildConfigurationList = 8E517954282AA18700A5C0D9 /* Build configuration list for PBXNativeTarget "SwiftStudyUITests" */;
			buildPhases = (
				8E517941282AA18700A5C0D9 /* Sources */,
				8E517942282AA18700A5C0D9 /* Frameworks */,
				8E517943282AA18700A5C0D9 /* Resources */,
			);
			buildRules = (
			);
			dependencies = (
				8E517947282AA18700A5C0D9 /* PBXTargetDependency */,
			);
			name = SwiftStudyUITests;
			productName = SwiftStudyUITests;
			productReference = 8E517945282AA18700A5C0D9 /* SwiftStudyUITests.xctest */;
			productType = "com.apple.product-type.bundle.ui-testing";
		};
/* End PBXNativeTarget section */

/* Begin PBXProject section */
		8E51791C282AA18100A5C0D9 /* Project object */ = {
			isa = PBXProject;
			attributes = {
				LastSwiftUpdateCheck = 1240;
				LastUpgradeCheck = 1240;
				TargetAttributes = {
					8E517923282AA18100A5C0D9 = {
						CreatedOnToolsVersion = 12.4;
					};
					8E517939282AA18700A5C0D9 = {
						CreatedOnToolsVersion = 12.4;
						TestTargetID = 8E517923282AA18100A5C0D9;
					};
					8E517944282AA18700A5C0D9 = {
						CreatedOnToolsVersion = 12.4;
						TestTargetID = 8E517923282AA18100A5C0D9;
					};
				};
			};
			buildConfigurationList = 8E51791F282AA18100A5C0D9 /* Build configuration list for PBXProject "SwiftStudy" */;
			compatibilityVersion = "Xcode 9.3";
			developmentRegion = en;
			hasScannedForEncodings = 0;
			knownRegions = (
				en,
				Base,
			);
			mainGroup = 8E51791B282AA18100A5C0D9;
			productRefGroup = 8E517925282AA18100A5C0D9 /* Products */;
			projectDirPath = "";
			projectRoot = "";
			targets = (
				8E517923282AA18100A5C0D9 /* SwiftStudy */,
				8E517939282AA18700A5C0D9 /* SwiftStudyTests */,
				8E517944282AA18700A5C0D9 /* SwiftStudyUITests */,
			);
		};
/* End PBXProject section */

/* Begin PBXResourcesBuildPhase section */
		8E517922282AA18100A5C0D9 /* Resources */ = {
			isa = PBXResourcesBuildPhase;
			buildActionMask = 2147483647;
			files = (
				8E517934282AA18600A5C0D9 /* LaunchScreen.storyboard in Resources */,
				8E517931282AA18600A5C0D9 /* Assets.xcassets in Resources */,
				8E51792F282AA18100A5C0D9 /* Main.storyboard in Resources */,
			);
			runOnlyForDeploymentPostprocessing = 0;
		};
		8E517938282AA18700A5C0D9 /* Resources */ = {
			isa = PBXResourcesBuildPhase;
			buildActionMask = 2147483647;
			files = (
			);
			runOnlyForDeploymentPostprocessing = 0;
		};
		8E517943282AA18700A5C0D9 /* Resources */ = {
			isa = PBXResourcesBuildPhase;
			buildActionMask = 2147483647;
			files = (
			);
			runOnlyForDeploymentPostprocessing = 0;
		};
/* End PBXResourcesBuildPhase section */

/* Begin PBXSourcesBuildPhase section */
		8E517920282AA18100A5C0D9 /* Sources */ = {
			isa = PBXSourcesBuildPhase;
			buildActionMask = 2147483647;
			files = (
				8E51792C282AA18100A5C0D9 /* ViewController.swift in Sources */,
				8E517928282AA18100A5C0D9 /* AppDelegate.swift in Sources */,
				8E51792A282AA18100A5C0D9 /* SceneDelegate.swift in Sources */,
			);
			runOnlyForDeploymentPostprocessing = 0;
		};
		8E517936282AA18700A5C0D9 /* Sources */ = {
			isa = PBXSourcesBuildPhase;
			buildActionMask = 2147483647;
			files = (
				8E51793F282AA18700A5C0D9 /* SwiftStudyTests.swift in Sources */,
			);
			runOnlyForDeploymentPostprocessing = 0;
		};
		8E517941282AA18700A5C0D9 /* Sources */ = {
			isa = PBXSourcesBuildPhase;
			buildActionMask = 2147483647;
			files = (
				8E51794A282AA18700A5C0D9 /* SwiftStudyUITests.swift in Sources */,
			);
			runOnlyForDeploymentPostprocessing = 0;
		};
/* End PBXSourcesBuildPhase section */

/* Begin PBXTargetDependency section */
		8E51793C282AA18700A5C0D9 /* PBXTargetDependency */ = {
			isa = PBXTargetDependency;
			target = 8E517923282AA18100A5C0D9 /* SwiftStudy */;
			targetProxy = 8E51793B282AA18700A5C0D9 /* PBXContainerItemProxy */;
		};
		8E517947282AA18700A5C0D9 /* PBXTargetDependency */ = {
			isa = PBXTargetDependency;
			target = 8E517923282AA18100A5C0D9 /* SwiftStudy */;
			targetProxy = 8E517946282AA18700A5C0D9 /* PBXContainerItemProxy */;
		};
/* End PBXTargetDependency section */

/* Begin PBXVariantGroup section */
		8E51792D282AA18100A5C0D9 /* Main.storyboard */ = {
			isa = PBXVariantGroup;
			children = (
				8E51792E282AA18100A5C0D9 /* Base */,
			);
			name = Main.storyboard;
			sourceTree = "<group>";
		};
		8E517932282AA18600A5C0D9 /* LaunchScreen.storyboard */ = {
			isa = PBXVariantGroup;
			children = (
				8E517933282AA18600A5C0D9 /* Base */,
			);
			name = LaunchScreen.storyboard;
			sourceTree = "<group>";
		};
/* End PBXVariantGroup section */

/* Begin XCBuildConfiguration section */
		8E51794C282AA18700A5C0D9 /* Debug */ = {
			isa = XCBuildConfiguration;
			buildSettings = {
				ALWAYS_SEARCH_USER_PATHS = NO;
				CLANG_ANALYZER_NONNULL = YES;
				CLANG_ANALYZER_NUMBER_OBJECT_CONVERSION = YES_AGGRESSIVE;
				CLANG_CXX_LANGUAGE_STANDARD = "gnu++14";
				CLANG_CXX_LIBRARY = "libc++";
				CLANG_ENABLE_MODULES = YES;
				CLANG_ENABLE_OBJC_ARC = YES;
				CLANG_ENABLE_OBJC_WEAK = YES;
				CLANG_WARN_BLOCK_CAPTURE_AUTORELEASING = YES;
				CLANG_WARN_BOOL_CONVERSION = YES;
				CLANG_WARN_COMMA = YES;
				CLANG_WARN_CONSTANT_CONVERSION = YES;
				CLANG_WARN_DEPRECATED_OBJC_IMPLEMENTATIONS = YES;
				CLANG_WARN_DIRECT_OBJC_ISA_USAGE = YES_ERROR;
				CLANG_WARN_DOCUMENTATION_COMMENTS = YES;
				CLANG_WARN_EMPTY_BODY = YES;
				CLANG_WARN_ENUM_CONVERSION = YES;
				CLANG_WARN_INFINITE_RECURSION = YES;
				CLANG_WARN_INT_CONVERSION = YES;
				CLANG_WARN_NON_LITERAL_NULL_CONVERSION = YES;
				CLANG_WARN_OBJC_IMPLICIT_RETAIN_SELF = YES;
				CLANG_WARN_OBJC_LITERAL_CONVERSION = YES;
				CLANG_WARN_OBJC_ROOT_CLASS = YES_ERROR;
				CLANG_WARN_QUOTED_INCLUDE_IN_FRAMEWORK_HEADER = YES;
				CLANG_WARN_RANGE_LOOP_ANALYSIS = YES;
				CLANG_WARN_STRICT_PROTOTYPES = YES;
				CLANG_WARN_SUSPICIOUS_MOVE = YES;
				CLANG_WARN_UNGUARDED_AVAILABILITY = YES_AGGRESSIVE;
				CLANG_WARN_UNREACHABLE_CODE = YES;
				CLANG_WARN__DUPLICATE_METHOD_MATCH = YES;
				COPY_PHASE_STRIP = NO;
				DEBUG_INFORMATION_FORMAT = dwarf;
				ENABLE_STRICT_OBJC_MSGSEND = YES;
				ENABLE_TESTABILITY = YES;
				GCC_C_LANGUAGE_STANDARD = gnu11;
				GCC_DYNAMIC_NO_PIC = NO;
				GCC_NO_COMMON_BLOCKS = YES;
				GCC_OPTIMIZATION_LEVEL = 0;
				GCC_PREPROCESSOR_DEFINITIONS = (
					"DEBUG=1",
					"$(inherited)",
				);
				GCC_WARN_64_TO_32_BIT_CONVERSION = YES;
				GCC_WARN_ABOUT_RETURN_TYPE = YES_ERROR;
				GCC_WARN_UNDECLARED_SELECTOR = YES;
				GCC_WARN_UNINITIALIZED_AUTOS = YES_AGGRESSIVE;
				GCC_WARN_UNUSED_FUNCTION = YES;
				GCC_WARN_UNUSED_VARIABLE = YES;
				IPHONEOS_DEPLOYMENT_TARGET = 14.4;
				MTL_ENABLE_DEBUG_INFO = INCLUDE_SOURCE;
				MTL_FAST_MATH = YES;
				ONLY_ACTIVE_ARCH = YES;
				SDKROOT = iphoneos;
				SWIFT_ACTIVE_COMPILATION_CONDITIONS = DEBUG;
				SWIFT_OPTIMIZATION_LEVEL = "-Onone";
			};
			name = Debug;
		};
		8E51794D282AA18700A5C0D9 /* Release */ = {
			isa = XCBuildConfiguration;
			buildSettings = {
				ALWAYS_SEARCH_USER_PATHS = NO;
				CLANG_ANALYZER_NONNULL = YES;
				CLANG_ANALYZER_NUMBER_OBJECT_CONVERSION = YES_AGGRESSIVE;
				CLANG_CXX_LANGUAGE_STANDARD = "gnu++14";
				CLANG_CXX_LIBRARY = "libc++";
				CLANG_ENABLE_MODULES = YES;
				CLANG_ENABLE_OBJC_ARC = YES;
				CLANG_ENABLE_OBJC_WEAK = YES;
				CLANG_WARN_BLOCK_CAPTURE_AUTORELEASING = YES;
				CLANG_WARN_BOOL_CONVERSION = YES;
				CLANG_WARN_COMMA = YES;
				CLANG_WARN_CONSTANT_CONVERSION = YES;
				CLANG_WARN_DEPRECATED_OBJC_IMPLEMENTATIONS = YES;
				CLANG_WARN_DIRECT_OBJC_ISA_USAGE = YES_ERROR;
				CLANG_WARN_DOCUMENTATION_COMMENTS = YES;
				CLANG_WARN_EMPTY_BODY = YES;
				CLANG_WARN_ENUM_CONVERSION = YES;
				CLANG_WARN_INFINITE_RECURSION = YES;
				CLANG_WARN_INT_CONVERSION = YES;
				CLANG_WARN_NON_LITERAL_NULL_CONVERSION = YES;
				CLANG_WARN_OBJC_IMPLICIT_RETAIN_SELF = YES;
				CLANG_WARN_OBJC_LITERAL_CONVERSION = YES;
				CLANG_WARN_OBJC_ROOT_CLASS = YES_ERROR;
				CLANG_WARN_QUOTED_INCLUDE_IN_FRAMEWORK_HEADER = YES;
				CLANG_WARN_RANGE_LOOP_ANALYSIS = YES;
				CLANG_WARN_STRICT_PROTOTYPES = YES;
				CLANG_WARN_SUSPICIOUS_MOVE = YES;
				CLANG_WARN_UNGUARDED_AVAILABILITY = YES_AGGRESSIVE;
				CLANG_WARN_UNREACHABLE_CODE = YES;
				CLANG_WARN__DUPLICATE_METHOD_MATCH = YES;
				COPY_PHASE_STRIP = NO;
				DEBUG_INFORMATION_FORMAT = "dwarf-with-dsym";
				ENABLE_NS_ASSERTIONS = NO;
				ENABLE_STRICT_OBJC_MSGSEND = YES;
				GCC_C_LANGUAGE_STANDARD = gnu11;
				GCC_NO_COMMON_BLOCKS = YES;
				GCC_WARN_64_TO_32_BIT_CONVERSION = YES;
				GCC_WARN_ABOUT_RETURN_TYPE = YES_ERROR;
				GCC_WARN_UNDECLARED_SELECTOR = YES;
				GCC_WARN_UNINITIALIZED_AUTOS = YES_AGGRESSIVE;
				GCC_WARN_UNUSED_FUNCTION = YES;
				GCC_WARN_UNUSED_VARIABLE = YES;
				IPHONEOS_DEPLOYMENT_TARGET = 14.4;
				MTL_ENABLE_DEBUG_INFO = NO;
				MTL_FAST_MATH = YES;
				SDKROOT = iphoneos;
				SWIFT_COMPILATION_MODE = wholemodule;
				SWIFT_OPTIMIZATION_LEVEL = "-O";
				VALIDATE_PRODUCT = YES;
			};
			name = Release;
		};
		8E51794F282AA18700A5C0D9 /* Debug */ = {
			isa = XCBuildConfiguration;
			buildSettings = {
				ASSETCATALOG_COMPILER_APPICON_NAME = AppIcon;
				ASSETCATALOG_COMPILER_GLOBAL_ACCENT_COLOR_NAME = AccentColor;
				CODE_SIGN_STYLE = Automatic;
				DEVELOPMENT_TEAM = P2LJGR8JSW;
				INFOPLIST_FILE = SwiftStudy/Info.plist;
				LD_RUNPATH_SEARCH_PATHS = (
					"$(inherited)",
					"@executable_path/Frameworks",
				);
				PRODUCT_BUNDLE_IDENTIFIER = wonkuji.jason.SwiftStudy;
				PRODUCT_NAME = "$(TARGET_NAME)";
				SWIFT_VERSION = 5.0;
				TARGETED_DEVICE_FAMILY = "1,2";
			};
			name = Debug;
		};
		8E517950282AA18700A5C0D9 /* Release */ = {
			isa = XCBuildConfiguration;
			buildSettings = {
				ASSETCATALOG_COMPILER_APPICON_NAME = AppIcon;
				ASSETCATALOG_COMPILER_GLOBAL_ACCENT_COLOR_NAME = AccentColor;
				CODE_SIGN_STYLE = Automatic;
				DEVELOPMENT_TEAM = P2LJGR8JSW;
				INFOPLIST_FILE = SwiftStudy/Info.plist;
				LD_RUNPATH_SEARCH_PATHS = (
					"$(inherited)",
					"@executable_path/Frameworks",
				);
				PRODUCT_BUNDLE_IDENTIFIER = wonkuji.jason.SwiftStudy;
				PRODUCT_NAME = "$(TARGET_NAME)";
				SWIFT_VERSION = 5.0;
				TARGETED_DEVICE_FAMILY = "1,2";
			};
			name = Release;
		};
		8E517952282AA18700A5C0D9 /* Debug */ = {
			isa = XCBuildConfiguration;
			buildSettings = {
				ALWAYS_EMBED_SWIFT_STANDARD_LIBRARIES = YES;
				BUNDLE_LOADER = "$(TEST_HOST)";
				CODE_SIGN_STYLE = Automatic;
				DEVELOPMENT_TEAM = P2LJGR8JSW;
				INFOPLIST_FILE = SwiftStudyTests/Info.plist;
				IPHONEOS_DEPLOYMENT_TARGET = 14.4;
				LD_RUNPATH_SEARCH_PATHS = (
					"$(inherited)",
					"@executable_path/Frameworks",
					"@loader_path/Frameworks",
				);
				PRODUCT_BUNDLE_IDENTIFIER = wonkuji.jason.SwiftStudyTests;
				PRODUCT_NAME = "$(TARGET_NAME)";
				SWIFT_VERSION = 5.0;
				TARGETED_DEVICE_FAMILY = "1,2";
				TEST_HOST = "$(BUILT_PRODUCTS_DIR)/SwiftStudy.app/SwiftStudy";
			};
			name = Debug;
		};
		8E517953282AA18700A5C0D9 /* Release */ = {
			isa = XCBuildConfiguration;
			buildSettings = {
				ALWAYS_EMBED_SWIFT_STANDARD_LIBRARIES = YES;
				BUNDLE_LOADER = "$(TEST_HOST)";
				CODE_SIGN_STYLE = Automatic;
				DEVELOPMENT_TEAM = P2LJGR8JSW;
				INFOPLIST_FILE = SwiftStudyTests/Info.plist;
				IPHONEOS_DEPLOYMENT_TARGET = 14.4;
				LD_RUNPATH_SEARCH_PATHS = (
					"$(inherited)",
					"@executable_path/Frameworks",
					"@loader_path/Frameworks",
				);
				PRODUCT_BUNDLE_IDENTIFIER = wonkuji.jason.SwiftStudyTests;
				PRODUCT_NAME = "$(TARGET_NAME)";
				SWIFT_VERSION = 5.0;
				TARGETED_DEVICE_FAMILY = "1,2";
				TEST_HOST = "$(BUILT_PRODUCTS_DIR)/SwiftStudy.app/SwiftStudy";
			};
			name = Release;
		};
		8E517955282AA18700A5C0D9 /* Debug */ = {
			isa = XCBuildConfiguration;
			buildSettings = {
				ALWAYS_EMBED_SWIFT_STANDARD_LIBRARIES = YES;
				CODE_SIGN_STYLE = Automatic;
				DEVELOPMENT_TEAM = P2LJGR8JSW;
				INFOPLIST_FILE = SwiftStudyUITests/Info.plist;
				LD_RUNPATH_SEARCH_PATHS = (
					"$(inherited)",
					"@executable_path/Frameworks",
					"@loader_path/Frameworks",
				);
				PRODUCT_BUNDLE_IDENTIFIER = wonkuji.jason.SwiftStudyUITests;
				PRODUCT_NAME = "$(TARGET_NAME)";
				SWIFT_VERSION = 5.0;
				TARGETED_DEVICE_FAMILY = "1,2";
				TEST_TARGET_NAME = SwiftStudy;
			};
			name = Debug;
		};
		8E517956282AA18700A5C0D9 /* Release */ = {
			isa = XCBuildConfiguration;
			buildSettings = {
				ALWAYS_EMBED_SWIFT_STANDARD_LIBRARIES = YES;
				CODE_SIGN_STYLE = Automatic;
				DEVELOPMENT_TEAM = P2LJGR8JSW;
				INFOPLIST_FILE = SwiftStudyUITests/Info.plist;
				LD_RUNPATH_SEARCH_PATHS = (
					"$(inherited)",
					"@executable_path/Frameworks",
					"@loader_path/Frameworks",
				);
				PRODUCT_BUNDLE_IDENTIFIER = wonkuji.jason.SwiftStudyUITests;
				PRODUCT_NAME = "$(TARGET_NAME)";
				SWIFT_VERSION = 5.0;
				TARGETED_DEVICE_FAMILY = "1,2";
				TEST_TARGET_NAME = SwiftStudy;
			};
			name = Release;
		};
/* End XCBuildConfiguration section */

/* Begin XCConfigurationList section */
		8E51791F282AA18100A5C0D9 /* Build configuration list for PBXProject "SwiftStudy" */ = {
			isa = XCConfigurationList;
			buildConfigurations = (
				8E51794C282AA18700A5C0D9 /* Debug */,
				8E51794D282AA18700A5C0D9 /* Release */,
			);
			defaultConfigurationIsVisible = 0;
			defaultConfigurationName = Release;
		};
		8E51794E282AA18700A5C0D9 /* Build configuration list for PBXNativeTarget "SwiftStudy" */ = {
			isa = XCConfigurationList;
			buildConfigurations = (
				8E51794F282AA18700A5C0D9 /* Debug */,
				8E517950282AA18700A5C0D9 /* Release */,
			);
			defaultConfigurationIsVisible = 0;
			defaultConfigurationName = Release;
		};
		8E517951282AA18700A5C0D9 /* Build configuration list for PBXNativeTarget "SwiftStudyTests" */ = {
			isa = XCConfigurationList;
			buildConfigurations = (
				8E517952282AA18700A5C0D9 /* Debug */,
				8E517953282AA18700A5C0D9 /* Release */,
			);
			defaultConfigurationIsVisible = 0;
			defaultConfigurationName = Release;
		};
		8E517954282AA18700A5C0D9 /* Build configuration list for PBXNativeTarget "SwiftStudyUITests" */ = {
			isa = XCConfigurationList;
			buildConfigurations = (
				8E517955282AA18700A5C0D9 /* Debug */,
				8E517956282AA18700A5C0D9 /* Release */,
			);
			defaultConfigurationIsVisible = 0;
			defaultConfigurationName = Release;
		};
/* End XCConfigurationList section */
	};
	rootObject = 8E51791C282AA18100A5C0D9 /* Project object */;
}
